
Microsoft Visual Studio Solution File, Format Version 12.00
# Visual Studio 2017
Project("{FAE04EC0-301F-11D3-BF4B-00C04F79EFBC}") = "ZProject", "ZProject.csproj", "{A8542C58-22F2-64C0-C137-336B1512FD9D}"
EndProject
Project("{FAE04EC0-301F-11D3-BF4B-00C04F79EFBC}") = "ZProject.Editor.Plugins", "ZProject.Editor.Plugins.csproj", "{269C6474-789D-F2CE-9833-29FC15EC2182}"
EndProject
Project("{FAE04EC0-301F-11D3-BF4B-00C04F79EFBC}") = "ZProject.Editor", "ZProject.Editor.csproj", "{D0ECDA6C-818F-EF04-551C-F6134774F757}"
EndProject
Global
	GlobalSection(SolutionConfigurationPlatforms) = preSolution
		Debug|Any CPU = Debug|Any CPU
		Release|Any CPU = Release|Any CPU
	EndGlobalSection
	GlobalSection(ProjectConfigurationPlatforms) = postSolution
		{A8542C58-22F2-64C0-C137-336B1512FD9D}.Debug|Any CPU.ActiveCfg = Debug|Any CPU
		{A8542C58-22F2-64C0-C137-336B1512FD9D}.Debug|Any CPU.Build.0 = Debug|Any CPU
		{A8542C58-22F2-64C0-C137-336B1512FD9D}.Release|Any CPU.ActiveCfg = Release|Any CPU
		{A8542C58-22F2-64C0-C137-336B1512FD9D}.Release|Any CPU.Build.0 = Release|Any CPU
		{269C6474-789D-F2CE-9833-29FC15EC2182}.Debug|Any CPU.ActiveCfg = Debug|Any CPU
		{269C6474-789D-F2CE-9833-29FC15EC2182}.Debug|Any CPU.Build.0 = Debug|Any CPU
		{269C6474-789D-F2CE-9833-29FC15EC2182}.Release|Any CPU.ActiveCfg = Release|Any CPU
		{269C6474-789D-F2CE-9833-29FC15EC2182}.Release|Any CPU.Build.0 = Release|Any CPU
		{D0ECDA6C-818F-EF04-551C-F6134774F757}.Debug|Any CPU.ActiveCfg = Debug|Any CPU
		{D0ECDA6C-818F-EF04-551C-F6134774F757}.Debug|Any CPU.Build.0 = Debug|Any CPU
		{D0ECDA6C-818F-EF04-551C-F6134774F757}.Release|Any CPU.ActiveCfg = Release|Any CPU
		{D0ECDA6C-818F-EF04-551C-F6134774F757}.Release|Any CPU.Build.0 = Release|Any CPU
	EndGlobalSection
	GlobalSection(SolutionProperties) = preSolution
		HideSolutionNode = FALSE
	EndGlobalSection
EndGlobal
